
Microsoft Visual Studio Solution File, Format Version 12.00
# Visual Studio Version 17
VisualStudioVersion = 17.14.36121.58
MinimumVisualStudioVersion = 10.0.40219.1
Project("{8BC9CEB8-8B4A-11D0-8D11-00A0C91BC942}") = "practice_calculator", "practice_calculator\practice_calculator.vcxproj", "{22F00094-F803-2925-0797-37EAD8EDFBBB}"
EndProject
Project("{2150E333-8FDC-42A3-9474-1A3956D46DE8}") = "Solution Items", "Solution Items", "{8EC462FD-D22E-90A8-E5CE-7E832BA40C5D}"
	ProjectSection(SolutionItems) = preProject
		changelog.txt = changelog.txt
		bug_tracker.txt = bug_tracker.txt
		readme.txt = readme.txt
		devLog.txt = devLog.txt
	EndProjectSection
EndProject
Global
	GlobalSection(SolutionConfigurationPlatforms) = preSolution
		Debug|x64 = Debug|x64
		Debug|x86 = Debug|x86
		Release|x64 = Release|x64
		Release|x86 = Release|x86
	EndGlobalSection
	GlobalSection(ProjectConfigurationPlatforms) = postSolution
		{22F00094-F803-2925-0797-37EAD8EDFBBB}.Debug|x64.ActiveCfg = Debug|x64
		{22F00094-F803-2925-0797-37EAD8EDFBBB}.Debug|x64.Build.0 = Debug|x64
		{22F00094-F803-2925-0797-37EAD8EDFBBB}.Debug|x86.ActiveCfg = Debug|Win32
		{22F00094-F803-2925-0797-37EAD8EDFBBB}.Debug|x86.Build.0 = Debug|Win32
		{22F00094-F803-2925-0797-37EAD8EDFBBB}.Release|x64.ActiveCfg = Release|x64
		{22F00094-F803-2925-0797-37EAD8EDFBBB}.Release|x64.Build.0 = Release|x64
		{22F00094-F803-2925-0797-37EAD8EDFBBB}.Release|x86.ActiveCfg = Release|Win32
		{22F00094-F803-2925-0797-37EAD8EDFBBB}.Release|x86.Build.0 = Release|Win32
	EndGlobalSection
	GlobalSection(SolutionProperties) = preSolution
		HideSolutionNode = FALSE
	EndGlobalSection
	GlobalSection(ExtensibilityGlobals) = postSolution
		SolutionGuid = {125BF0C8-C748-45B6-9EF9-F5698E7AF84C}
	EndGlobalSection
EndGlobal
